
Microsoft Visual Studio Solution File, Format Version 12.00
# Visual Studio Version 16
VisualStudioVersion = 16.0.29920.165
MinimumVisualStudioVersion = 10.0.40219.1
Project("{9A19103F-16F7-4668-BE54-9A1E7A4F7556}") = "01. Shapes", "01. Shapes\01. Shapes.csproj", "{C29EFA94-AE11-48C5-86BE-B2EFF6D675F7}"
EndProject
Project("{FAE04EC0-301F-11D3-BF4B-00C04F79EFBC}") = "02. Cars", "02. Cars\02. Cars.csproj", "{DA67581A-659C-4338-A4DE-93ECA21DA2C9}"
EndProject
Global
	GlobalSection(SolutionConfigurationPlatforms) = preSolution
		Debug|Any CPU = Debug|Any CPU
		Release|Any CPU = Release|Any CPU
	EndGlobalSection
	GlobalSection(ProjectConfigurationPlatforms) = postSolution
		{C29EFA94-AE11-48C5-86BE-B2EFF6D675F7}.Debug|Any CPU.ActiveCfg = Debug|Any CPU
		{C29EFA94-AE11-48C5-86BE-B2EFF6D675F7}.Debug|Any CPU.Build.0 = Debug|Any CPU
		{C29EFA94-AE11-48C5-86BE-B2EFF6D675F7}.Release|Any CPU.ActiveCfg = Release|Any CPU
		{C29EFA94-AE11-48C5-86BE-B2EFF6D675F7}.Release|Any CPU.Build.0 = Release|Any CPU
		{DA67581A-659C-4338-A4DE-93ECA21DA2C9}.Debug|Any CPU.ActiveCfg = Debug|Any CPU
		{DA67581A-659C-4338-A4DE-93ECA21DA2C9}.Debug|Any CPU.Build.0 = Debug|Any CPU
		{DA67581A-659C-4338-A4DE-93ECA21DA2C9}.Release|Any CPU.ActiveCfg = Release|Any CPU
		{DA67581A-659C-4338-A4DE-93ECA21DA2C9}.Release|Any CPU.Build.0 = Release|Any CPU
	EndGlobalSection
	GlobalSection(SolutionProperties) = preSolution
		HideSolutionNode = FALSE
	EndGlobalSection
	GlobalSection(ExtensibilityGlobals) = postSolution
		SolutionGuid = {2B978B86-F2DA-4513-A902-2B26146F5CBE}
	EndGlobalSection
EndGlobal
