
Microsoft Visual Studio Solution File, Format Version 12.00
# Visual Studio Version 16
VisualStudioVersion = 16.0.28922.388
MinimumVisualStudioVersion = 10.0.40219.1
Project("{9A19103F-16F7-4668-BE54-9A1E7A4F7556}") = "01. Reverse String", "01. Reverse String\01. Reverse String.csproj", "{1B12EE2B-9A8E-4839-8013-AB765C27B382}"
EndProject
Project("{9A19103F-16F7-4668-BE54-9A1E7A4F7556}") = "02. Count Substring", "02. Count Substring\02. Count Substring.csproj", "{69255112-0467-405D-8385-A60A9ACE19A6}"
EndProject
Project("{9A19103F-16F7-4668-BE54-9A1E7A4F7556}") = "03. Text Filter", "03. Text Filter\03. Text Filter.csproj", "{942D9E87-6404-4E86-9A8D-0F5491D91438}"
EndProject
Project("{FAE04EC0-301F-11D3-BF4B-00C04F79EFBC}") = "04. Palindromes", "04. Palindromes\04. Palindromes.csproj", "{CA8BF139-0929-4E25-AEE5-E967AC3800F3}"
EndProject
Global
	GlobalSection(SolutionConfigurationPlatforms) = preSolution
		Debug|Any CPU = Debug|Any CPU
		Release|Any CPU = Release|Any CPU
	EndGlobalSection
	GlobalSection(ProjectConfigurationPlatforms) = postSolution
		{1B12EE2B-9A8E-4839-8013-AB765C27B382}.Debug|Any CPU.ActiveCfg = Debug|Any CPU
		{1B12EE2B-9A8E-4839-8013-AB765C27B382}.Debug|Any CPU.Build.0 = Debug|Any CPU
		{1B12EE2B-9A8E-4839-8013-AB765C27B382}.Release|Any CPU.ActiveCfg = Release|Any CPU
		{1B12EE2B-9A8E-4839-8013-AB765C27B382}.Release|Any CPU.Build.0 = Release|Any CPU
		{69255112-0467-405D-8385-A60A9ACE19A6}.Debug|Any CPU.ActiveCfg = Debug|Any CPU
		{69255112-0467-405D-8385-A60A9ACE19A6}.Debug|Any CPU.Build.0 = Debug|Any CPU
		{69255112-0467-405D-8385-A60A9ACE19A6}.Release|Any CPU.ActiveCfg = Release|Any CPU
		{69255112-0467-405D-8385-A60A9ACE19A6}.Release|Any CPU.Build.0 = Release|Any CPU
		{942D9E87-6404-4E86-9A8D-0F5491D91438}.Debug|Any CPU.ActiveCfg = Debug|Any CPU
		{942D9E87-6404-4E86-9A8D-0F5491D91438}.Debug|Any CPU.Build.0 = Debug|Any CPU
		{942D9E87-6404-4E86-9A8D-0F5491D91438}.Release|Any CPU.ActiveCfg = Release|Any CPU
		{942D9E87-6404-4E86-9A8D-0F5491D91438}.Release|Any CPU.Build.0 = Release|Any CPU
		{CA8BF139-0929-4E25-AEE5-E967AC3800F3}.Debug|Any CPU.ActiveCfg = Debug|Any CPU
		{CA8BF139-0929-4E25-AEE5-E967AC3800F3}.Debug|Any CPU.Build.0 = Debug|Any CPU
		{CA8BF139-0929-4E25-AEE5-E967AC3800F3}.Release|Any CPU.ActiveCfg = Release|Any CPU
		{CA8BF139-0929-4E25-AEE5-E967AC3800F3}.Release|Any CPU.Build.0 = Release|Any CPU
	EndGlobalSection
	GlobalSection(SolutionProperties) = preSolution
		HideSolutionNode = FALSE
	EndGlobalSection
	GlobalSection(ExtensibilityGlobals) = postSolution
		SolutionGuid = {29ABF47E-A70C-4847-8000-04718EFC5C8A}
	EndGlobalSection
EndGlobal
