
Microsoft Visual Studio Solution File, Format Version 12.00
# Visual Studio Version 16
VisualStudioVersion = 16.0.28803.156
MinimumVisualStudioVersion = 10.0.40219.1
Project("{FAE04EC0-301F-11D3-BF4B-00C04F79EFBC}") = "Dictionaries, Lambda and LINQ - Exercises", "Dictionaries, Lambda and LINQ - Exercises\Dictionaries, Lambda and LINQ - Exercises.csproj", "{AD0C0F70-FA00-44A1-A160-C47FBF5C9679}"
EndProject
Global
	GlobalSection(SolutionConfigurationPlatforms) = preSolution
		Debug|Any CPU = Debug|Any CPU
		Release|Any CPU = Release|Any CPU
	EndGlobalSection
	GlobalSection(ProjectConfigurationPlatforms) = postSolution
		{AD0C0F70-FA00-44A1-A160-C47FBF5C9679}.Debug|Any CPU.ActiveCfg = Debug|Any CPU
		{AD0C0F70-FA00-44A1-A160-C47FBF5C9679}.Debug|Any CPU.Build.0 = Debug|Any CPU
		{AD0C0F70-FA00-44A1-A160-C47FBF5C9679}.Release|Any CPU.ActiveCfg = Release|Any CPU
		{AD0C0F70-FA00-44A1-A160-C47FBF5C9679}.Release|Any CPU.Build.0 = Release|Any CPU
	EndGlobalSection
	GlobalSection(SolutionProperties) = preSolution
		HideSolutionNode = FALSE
	EndGlobalSection
	GlobalSection(ExtensibilityGlobals) = postSolution
		SolutionGuid = {E568E6A1-1376-4DDF-A666-1239F7171766}
	EndGlobalSection
EndGlobal
