
Microsoft Visual Studio Solution File, Format Version 12.00
# Visual Studio Version 16
VisualStudioVersion = 16.0.29403.142
MinimumVisualStudioVersion = 10.0.40219.1
Project("{FAE04EC0-301F-11D3-BF4B-00C04F79EFBC}") = "1. Rhombus of Stars", "1. Rhombus of Stars\1. Rhombus of Stars.csproj", "{418D3220-6974-45E1-A361-F001BAD86A31}"
EndProject
Project("{FAE04EC0-301F-11D3-BF4B-00C04F79EFBC}") = "2. Point in Rectangle", "2. Point in Rectangle\2. Point in Rectangle.csproj", "{847785DC-AEF3-4EB5-ADBB-CE3949220A95}"
EndProject
Project("{FAE04EC0-301F-11D3-BF4B-00C04F79EFBC}") = "4. Hotel Reservation", "4. Hotel Reservation\4. Hotel Reservation.csproj", "{A385B1A2-C0ED-437F-871E-4D442F39A02F}"
EndProject
Global
	GlobalSection(SolutionConfigurationPlatforms) = preSolution
		Debug|Any CPU = Debug|Any CPU
		Release|Any CPU = Release|Any CPU
	EndGlobalSection
	GlobalSection(ProjectConfigurationPlatforms) = postSolution
		{418D3220-6974-45E1-A361-F001BAD86A31}.Debug|Any CPU.ActiveCfg = Debug|Any CPU
		{418D3220-6974-45E1-A361-F001BAD86A31}.Debug|Any CPU.Build.0 = Debug|Any CPU
		{418D3220-6974-45E1-A361-F001BAD86A31}.Release|Any CPU.ActiveCfg = Release|Any CPU
		{418D3220-6974-45E1-A361-F001BAD86A31}.Release|Any CPU.Build.0 = Release|Any CPU
		{847785DC-AEF3-4EB5-ADBB-CE3949220A95}.Debug|Any CPU.ActiveCfg = Debug|Any CPU
		{847785DC-AEF3-4EB5-ADBB-CE3949220A95}.Debug|Any CPU.Build.0 = Debug|Any CPU
		{847785DC-AEF3-4EB5-ADBB-CE3949220A95}.Release|Any CPU.ActiveCfg = Release|Any CPU
		{847785DC-AEF3-4EB5-ADBB-CE3949220A95}.Release|Any CPU.Build.0 = Release|Any CPU
		{A385B1A2-C0ED-437F-871E-4D442F39A02F}.Debug|Any CPU.ActiveCfg = Debug|Any CPU
		{A385B1A2-C0ED-437F-871E-4D442F39A02F}.Debug|Any CPU.Build.0 = Debug|Any CPU
		{A385B1A2-C0ED-437F-871E-4D442F39A02F}.Release|Any CPU.ActiveCfg = Release|Any CPU
		{A385B1A2-C0ED-437F-871E-4D442F39A02F}.Release|Any CPU.Build.0 = Release|Any CPU
	EndGlobalSection
	GlobalSection(SolutionProperties) = preSolution
		HideSolutionNode = FALSE
	EndGlobalSection
	GlobalSection(ExtensibilityGlobals) = postSolution
		SolutionGuid = {2C52EC2C-1492-42B6-9106-6D10252C3E08}
	EndGlobalSection
EndGlobal
