
Microsoft Visual Studio Solution File, Format Version 12.00
# Visual Studio 15
VisualStudioVersion = 15.0.28010.2050
MinimumVisualStudioVersion = 10.0.40219.1
Project("{9A19103F-16F7-4668-BE54-9A1E7A4F7556}") = "01. Largest Common End", "01. Largest Common End\01. Largest Common End.csproj", "{A3429A38-8E42-4040-B0EB-6EC02EE67956}"
EndProject
Project("{9A19103F-16F7-4668-BE54-9A1E7A4F7556}") = "02. Rotate and Sum", "02. Rotate and Sum\02. Rotate and Sum.csproj", "{ED6E0DE6-3D1A-4DE3-BB87-4C5B70706871}"
EndProject
Project("{9A19103F-16F7-4668-BE54-9A1E7A4F7556}") = "03. Fold and Sum", "03. Fold and Sum\03. Fold and Sum.csproj", "{66E5C18D-6A65-4AE1-B227-3BFE79A8635A}"
EndProject
Project("{9A19103F-16F7-4668-BE54-9A1E7A4F7556}") = "04. Sieve of Eratosthenes", "04. Sieve of Eratosthenes\04. Sieve of Eratosthenes.csproj", "{93EE70C4-E2AF-4820-BABC-318601049134}"
EndProject
Project("{9A19103F-16F7-4668-BE54-9A1E7A4F7556}") = "05. Compare Char Arrays", "05. Compare Char Arrays\05. Compare Char Arrays.csproj", "{60469F96-5200-4211-9E00-7FFDD0FA847F}"
EndProject
Project("{9A19103F-16F7-4668-BE54-9A1E7A4F7556}") = "06. Max Sequence of Equal Elements", "06. Max Sequence of Equal Elements\06. Max Sequence of Equal Elements.csproj", "{5CF83934-33D7-44C0-BFCF-CD66E85D7B27}"
EndProject
Project("{9A19103F-16F7-4668-BE54-9A1E7A4F7556}") = "07. Max Sequence of Increasing Elements", "07. Max Sequence of Increasing Elements\07. Max Sequence of Increasing Elements.csproj", "{7F1712C9-1097-48C8-B1CF-2CBB4773BABA}"
EndProject
Project("{9A19103F-16F7-4668-BE54-9A1E7A4F7556}") = "08. Most Frequent Number", "08. Most Frequent Number\08. Most Frequent Number.csproj", "{675F59F1-42B8-4319-977D-D93FF743D3F4}"
EndProject
Project("{FAE04EC0-301F-11D3-BF4B-00C04F79EFBC}") = "09. Index of Letters", "09. Index of Letters\09. Index of Letters.csproj", "{76151618-55F5-470D-8794-D1C37B35D77C}"
EndProject
Project("{FAE04EC0-301F-11D3-BF4B-00C04F79EFBC}") = "10. Pairs by Difference", "10. Pairs by Difference\10. Pairs by Difference.csproj", "{27453DB1-DC56-437F-B36C-BAD92185BF24}"
EndProject
Project("{FAE04EC0-301F-11D3-BF4B-00C04F79EFBC}") = "11. Equal Sums", "11. Equal Sums\11. Equal Sums.csproj", "{74317882-9CA6-4DD5-B8FB-5AE02751F143}"
EndProject
Global
	GlobalSection(SolutionConfigurationPlatforms) = preSolution
		Debug|Any CPU = Debug|Any CPU
		Debug|ARM = Debug|ARM
		Debug|x64 = Debug|x64
		Debug|x86 = Debug|x86
		Release|Any CPU = Release|Any CPU
		Release|ARM = Release|ARM
		Release|x64 = Release|x64
		Release|x86 = Release|x86
	EndGlobalSection
	GlobalSection(ProjectConfigurationPlatforms) = postSolution
		{A3429A38-8E42-4040-B0EB-6EC02EE67956}.Debug|Any CPU.ActiveCfg = Debug|Any CPU
		{A3429A38-8E42-4040-B0EB-6EC02EE67956}.Debug|Any CPU.Build.0 = Debug|Any CPU
		{A3429A38-8E42-4040-B0EB-6EC02EE67956}.Debug|ARM.ActiveCfg = Debug|Any CPU
		{A3429A38-8E42-4040-B0EB-6EC02EE67956}.Debug|ARM.Build.0 = Debug|Any CPU
		{A3429A38-8E42-4040-B0EB-6EC02EE67956}.Debug|x64.ActiveCfg = Debug|Any CPU
		{A3429A38-8E42-4040-B0EB-6EC02EE67956}.Debug|x64.Build.0 = Debug|Any CPU
		{A3429A38-8E42-4040-B0EB-6EC02EE67956}.Debug|x86.ActiveCfg = Debug|Any CPU
		{A3429A38-8E42-4040-B0EB-6EC02EE67956}.Debug|x86.Build.0 = Debug|Any CPU
		{A3429A38-8E42-4040-B0EB-6EC02EE67956}.Release|Any CPU.ActiveCfg = Release|Any CPU
		{A3429A38-8E42-4040-B0EB-6EC02EE67956}.Release|Any CPU.Build.0 = Release|Any CPU
		{A3429A38-8E42-4040-B0EB-6EC02EE67956}.Release|ARM.ActiveCfg = Release|Any CPU
		{A3429A38-8E42-4040-B0EB-6EC02EE67956}.Release|ARM.Build.0 = Release|Any CPU
		{A3429A38-8E42-4040-B0EB-6EC02EE67956}.Release|x64.ActiveCfg = Release|Any CPU
		{A3429A38-8E42-4040-B0EB-6EC02EE67956}.Release|x64.Build.0 = Release|Any CPU
		{A3429A38-8E42-4040-B0EB-6EC02EE67956}.Release|x86.ActiveCfg = Release|Any CPU
		{A3429A38-8E42-4040-B0EB-6EC02EE67956}.Release|x86.Build.0 = Release|Any CPU
		{ED6E0DE6-3D1A-4DE3-BB87-4C5B70706871}.Debug|Any CPU.ActiveCfg = Debug|Any CPU
		{ED6E0DE6-3D1A-4DE3-BB87-4C5B70706871}.Debug|Any CPU.Build.0 = Debug|Any CPU
		{ED6E0DE6-3D1A-4DE3-BB87-4C5B70706871}.Debug|ARM.ActiveCfg = Debug|Any CPU
		{ED6E0DE6-3D1A-4DE3-BB87-4C5B70706871}.Debug|ARM.Build.0 = Debug|Any CPU
		{ED6E0DE6-3D1A-4DE3-BB87-4C5B70706871}.Debug|x64.ActiveCfg = Debug|Any CPU
		{ED6E0DE6-3D1A-4DE3-BB87-4C5B70706871}.Debug|x64.Build.0 = Debug|Any CPU
		{ED6E0DE6-3D1A-4DE3-BB87-4C5B70706871}.Debug|x86.ActiveCfg = Debug|Any CPU
		{ED6E0DE6-3D1A-4DE3-BB87-4C5B70706871}.Debug|x86.Build.0 = Debug|Any CPU
		{ED6E0DE6-3D1A-4DE3-BB87-4C5B70706871}.Release|Any CPU.ActiveCfg = Release|Any CPU
		{ED6E0DE6-3D1A-4DE3-BB87-4C5B70706871}.Release|Any CPU.Build.0 = Release|Any CPU
		{ED6E0DE6-3D1A-4DE3-BB87-4C5B70706871}.Release|ARM.ActiveCfg = Release|Any CPU
		{ED6E0DE6-3D1A-4DE3-BB87-4C5B70706871}.Release|ARM.Build.0 = Release|Any CPU
		{ED6E0DE6-3D1A-4DE3-BB87-4C5B70706871}.Release|x64.ActiveCfg = Release|Any CPU
		{ED6E0DE6-3D1A-4DE3-BB87-4C5B70706871}.Release|x64.Build.0 = Release|Any CPU
		{ED6E0DE6-3D1A-4DE3-BB87-4C5B70706871}.Release|x86.ActiveCfg = Release|Any CPU
		{ED6E0DE6-3D1A-4DE3-BB87-4C5B70706871}.Release|x86.Build.0 = Release|Any CPU
		{66E5C18D-6A65-4AE1-B227-3BFE79A8635A}.Debug|Any CPU.ActiveCfg = Debug|Any CPU
		{66E5C18D-6A65-4AE1-B227-3BFE79A8635A}.Debug|Any CPU.Build.0 = Debug|Any CPU
		{66E5C18D-6A65-4AE1-B227-3BFE79A8635A}.Debug|ARM.ActiveCfg = Debug|Any CPU
		{66E5C18D-6A65-4AE1-B227-3BFE79A8635A}.Debug|ARM.Build.0 = Debug|Any CPU
		{66E5C18D-6A65-4AE1-B227-3BFE79A8635A}.Debug|x64.ActiveCfg = Debug|Any CPU
		{66E5C18D-6A65-4AE1-B227-3BFE79A8635A}.Debug|x64.Build.0 = Debug|Any CPU
		{66E5C18D-6A65-4AE1-B227-3BFE79A8635A}.Debug|x86.ActiveCfg = Debug|Any CPU
		{66E5C18D-6A65-4AE1-B227-3BFE79A8635A}.Debug|x86.Build.0 = Debug|Any CPU
		{66E5C18D-6A65-4AE1-B227-3BFE79A8635A}.Release|Any CPU.ActiveCfg = Release|Any CPU
		{66E5C18D-6A65-4AE1-B227-3BFE79A8635A}.Release|Any CPU.Build.0 = Release|Any CPU
		{66E5C18D-6A65-4AE1-B227-3BFE79A8635A}.Release|ARM.ActiveCfg = Release|Any CPU
		{66E5C18D-6A65-4AE1-B227-3BFE79A8635A}.Release|ARM.Build.0 = Release|Any CPU
		{66E5C18D-6A65-4AE1-B227-3BFE79A8635A}.Release|x64.ActiveCfg = Release|Any CPU
		{66E5C18D-6A65-4AE1-B227-3BFE79A8635A}.Release|x64.Build.0 = Release|Any CPU
		{66E5C18D-6A65-4AE1-B227-3BFE79A8635A}.Release|x86.ActiveCfg = Release|Any CPU
		{66E5C18D-6A65-4AE1-B227-3BFE79A8635A}.Release|x86.Build.0 = Release|Any CPU
		{93EE70C4-E2AF-4820-BABC-318601049134}.Debug|Any CPU.ActiveCfg = Debug|Any CPU
		{93EE70C4-E2AF-4820-BABC-318601049134}.Debug|Any CPU.Build.0 = Debug|Any CPU
		{93EE70C4-E2AF-4820-BABC-318601049134}.Debug|ARM.ActiveCfg = Debug|Any CPU
		{93EE70C4-E2AF-4820-BABC-318601049134}.Debug|ARM.Build.0 = Debug|Any CPU
		{93EE70C4-E2AF-4820-BABC-318601049134}.Debug|x64.ActiveCfg = Debug|Any CPU
		{93EE70C4-E2AF-4820-BABC-318601049134}.Debug|x64.Build.0 = Debug|Any CPU
		{93EE70C4-E2AF-4820-BABC-318601049134}.Debug|x86.ActiveCfg = Debug|Any CPU
		{93EE70C4-E2AF-4820-BABC-318601049134}.Debug|x86.Build.0 = Debug|Any CPU
		{93EE70C4-E2AF-4820-BABC-318601049134}.Release|Any CPU.ActiveCfg = Release|Any CPU
		{93EE70C4-E2AF-4820-BABC-318601049134}.Release|Any CPU.Build.0 = Release|Any CPU
		{93EE70C4-E2AF-4820-BABC-318601049134}.Release|ARM.ActiveCfg = Release|Any CPU
		{93EE70C4-E2AF-4820-BABC-318601049134}.Release|ARM.Build.0 = Release|Any CPU
		{93EE70C4-E2AF-4820-BABC-318601049134}.Release|x64.ActiveCfg = Release|Any CPU
		{93EE70C4-E2AF-4820-BABC-318601049134}.Release|x64.Build.0 = Release|Any CPU
		{93EE70C4-E2AF-4820-BABC-318601049134}.Release|x86.ActiveCfg = Release|Any CPU
		{93EE70C4-E2AF-4820-BABC-318601049134}.Release|x86.Build.0 = Release|Any CPU
		{60469F96-5200-4211-9E00-7FFDD0FA847F}.Debug|Any CPU.ActiveCfg = Debug|Any CPU
		{60469F96-5200-4211-9E00-7FFDD0FA847F}.Debug|Any CPU.Build.0 = Debug|Any CPU
		{60469F96-5200-4211-9E00-7FFDD0FA847F}.Debug|ARM.ActiveCfg = Debug|Any CPU
		{60469F96-5200-4211-9E00-7FFDD0FA847F}.Debug|ARM.Build.0 = Debug|Any CPU
		{60469F96-5200-4211-9E00-7FFDD0FA847F}.Debug|x64.ActiveCfg = Debug|Any CPU
		{60469F96-5200-4211-9E00-7FFDD0FA847F}.Debug|x64.Build.0 = Debug|Any CPU
		{60469F96-5200-4211-9E00-7FFDD0FA847F}.Debug|x86.ActiveCfg = Debug|Any CPU
		{60469F96-5200-4211-9E00-7FFDD0FA847F}.Debug|x86.Build.0 = Debug|Any CPU
		{60469F96-5200-4211-9E00-7FFDD0FA847F}.Release|Any CPU.ActiveCfg = Release|Any CPU
		{60469F96-5200-4211-9E00-7FFDD0FA847F}.Release|Any CPU.Build.0 = Release|Any CPU
		{60469F96-5200-4211-9E00-7FFDD0FA847F}.Release|ARM.ActiveCfg = Release|Any CPU
		{60469F96-5200-4211-9E00-7FFDD0FA847F}.Release|ARM.Build.0 = Release|Any CPU
		{60469F96-5200-4211-9E00-7FFDD0FA847F}.Release|x64.ActiveCfg = Release|Any CPU
		{60469F96-5200-4211-9E00-7FFDD0FA847F}.Release|x64.Build.0 = Release|Any CPU
		{60469F96-5200-4211-9E00-7FFDD0FA847F}.Release|x86.ActiveCfg = Release|Any CPU
		{60469F96-5200-4211-9E00-7FFDD0FA847F}.Release|x86.Build.0 = Release|Any CPU
		{5CF83934-33D7-44C0-BFCF-CD66E85D7B27}.Debug|Any CPU.ActiveCfg = Debug|Any CPU
		{5CF83934-33D7-44C0-BFCF-CD66E85D7B27}.Debug|Any CPU.Build.0 = Debug|Any CPU
		{5CF83934-33D7-44C0-BFCF-CD66E85D7B27}.Debug|ARM.ActiveCfg = Debug|Any CPU
		{5CF83934-33D7-44C0-BFCF-CD66E85D7B27}.Debug|ARM.Build.0 = Debug|Any CPU
		{5CF83934-33D7-44C0-BFCF-CD66E85D7B27}.Debug|x64.ActiveCfg = Debug|Any CPU
		{5CF83934-33D7-44C0-BFCF-CD66E85D7B27}.Debug|x64.Build.0 = Debug|Any CPU
		{5CF83934-33D7-44C0-BFCF-CD66E85D7B27}.Debug|x86.ActiveCfg = Debug|Any CPU
		{5CF83934-33D7-44C0-BFCF-CD66E85D7B27}.Debug|x86.Build.0 = Debug|Any CPU
		{5CF83934-33D7-44C0-BFCF-CD66E85D7B27}.Release|Any CPU.ActiveCfg = Release|Any CPU
		{5CF83934-33D7-44C0-BFCF-CD66E85D7B27}.Release|Any CPU.Build.0 = Release|Any CPU
		{5CF83934-33D7-44C0-BFCF-CD66E85D7B27}.Release|ARM.ActiveCfg = Release|Any CPU
		{5CF83934-33D7-44C0-BFCF-CD66E85D7B27}.Release|ARM.Build.0 = Release|Any CPU
		{5CF83934-33D7-44C0-BFCF-CD66E85D7B27}.Release|x64.ActiveCfg = Release|Any CPU
		{5CF83934-33D7-44C0-BFCF-CD66E85D7B27}.Release|x64.Build.0 = Release|Any CPU
		{5CF83934-33D7-44C0-BFCF-CD66E85D7B27}.Release|x86.ActiveCfg = Release|Any CPU
		{5CF83934-33D7-44C0-BFCF-CD66E85D7B27}.Release|x86.Build.0 = Release|Any CPU
		{7F1712C9-1097-48C8-B1CF-2CBB4773BABA}.Debug|Any CPU.ActiveCfg = Debug|Any CPU
		{7F1712C9-1097-48C8-B1CF-2CBB4773BABA}.Debug|Any CPU.Build.0 = Debug|Any CPU
		{7F1712C9-1097-48C8-B1CF-2CBB4773BABA}.Debug|ARM.ActiveCfg = Debug|Any CPU
		{7F1712C9-1097-48C8-B1CF-2CBB4773BABA}.Debug|ARM.Build.0 = Debug|Any CPU
		{7F1712C9-1097-48C8-B1CF-2CBB4773BABA}.Debug|x64.ActiveCfg = Debug|Any CPU
		{7F1712C9-1097-48C8-B1CF-2CBB4773BABA}.Debug|x64.Build.0 = Debug|Any CPU
		{7F1712C9-1097-48C8-B1CF-2CBB4773BABA}.Debug|x86.ActiveCfg = Debug|Any CPU
		{7F1712C9-1097-48C8-B1CF-2CBB4773BABA}.Debug|x86.Build.0 = Debug|Any CPU
		{7F1712C9-1097-48C8-B1CF-2CBB4773BABA}.Release|Any CPU.ActiveCfg = Release|Any CPU
		{7F1712C9-1097-48C8-B1CF-2CBB4773BABA}.Release|Any CPU.Build.0 = Release|Any CPU
		{7F1712C9-1097-48C8-B1CF-2CBB4773BABA}.Release|ARM.ActiveCfg = Release|Any CPU
		{7F1712C9-1097-48C8-B1CF-2CBB4773BABA}.Release|ARM.Build.0 = Release|Any CPU
		{7F1712C9-1097-48C8-B1CF-2CBB4773BABA}.Release|x64.ActiveCfg = Release|Any CPU
		{7F1712C9-1097-48C8-B1CF-2CBB4773BABA}.Release|x64.Build.0 = Release|Any CPU
		{7F1712C9-1097-48C8-B1CF-2CBB4773BABA}.Release|x86.ActiveCfg = Release|Any CPU
		{7F1712C9-1097-48C8-B1CF-2CBB4773BABA}.Release|x86.Build.0 = Release|Any CPU
		{675F59F1-42B8-4319-977D-D93FF743D3F4}.Debug|Any CPU.ActiveCfg = Debug|Any CPU
		{675F59F1-42B8-4319-977D-D93FF743D3F4}.Debug|Any CPU.Build.0 = Debug|Any CPU
		{675F59F1-42B8-4319-977D-D93FF743D3F4}.Debug|ARM.ActiveCfg = Debug|Any CPU
		{675F59F1-42B8-4319-977D-D93FF743D3F4}.Debug|ARM.Build.0 = Debug|Any CPU
		{675F59F1-42B8-4319-977D-D93FF743D3F4}.Debug|x64.ActiveCfg = Debug|Any CPU
		{675F59F1-42B8-4319-977D-D93FF743D3F4}.Debug|x64.Build.0 = Debug|Any CPU
		{675F59F1-42B8-4319-977D-D93FF743D3F4}.Debug|x86.ActiveCfg = Debug|Any CPU
		{675F59F1-42B8-4319-977D-D93FF743D3F4}.Debug|x86.Build.0 = Debug|Any CPU
		{675F59F1-42B8-4319-977D-D93FF743D3F4}.Release|Any CPU.ActiveCfg = Release|Any CPU
		{675F59F1-42B8-4319-977D-D93FF743D3F4}.Release|Any CPU.Build.0 = Release|Any CPU
		{675F59F1-42B8-4319-977D-D93FF743D3F4}.Release|ARM.ActiveCfg = Release|Any CPU
		{675F59F1-42B8-4319-977D-D93FF743D3F4}.Release|ARM.Build.0 = Release|Any CPU
		{675F59F1-42B8-4319-977D-D93FF743D3F4}.Release|x64.ActiveCfg = Release|Any CPU
		{675F59F1-42B8-4319-977D-D93FF743D3F4}.Release|x64.Build.0 = Release|Any CPU
		{675F59F1-42B8-4319-977D-D93FF743D3F4}.Release|x86.ActiveCfg = Release|Any CPU
		{675F59F1-42B8-4319-977D-D93FF743D3F4}.Release|x86.Build.0 = Release|Any CPU
		{76151618-55F5-470D-8794-D1C37B35D77C}.Debug|Any CPU.ActiveCfg = Debug|Any CPU
		{76151618-55F5-470D-8794-D1C37B35D77C}.Debug|Any CPU.Build.0 = Debug|Any CPU
		{76151618-55F5-470D-8794-D1C37B35D77C}.Debug|ARM.ActiveCfg = Debug|Any CPU
		{76151618-55F5-470D-8794-D1C37B35D77C}.Debug|ARM.Build.0 = Debug|Any CPU
		{76151618-55F5-470D-8794-D1C37B35D77C}.Debug|x64.ActiveCfg = Debug|Any CPU
		{76151618-55F5-470D-8794-D1C37B35D77C}.Debug|x64.Build.0 = Debug|Any CPU
		{76151618-55F5-470D-8794-D1C37B35D77C}.Debug|x86.ActiveCfg = Debug|Any CPU
		{76151618-55F5-470D-8794-D1C37B35D77C}.Debug|x86.Build.0 = Debug|Any CPU
		{76151618-55F5-470D-8794-D1C37B35D77C}.Release|Any CPU.ActiveCfg = Release|Any CPU
		{76151618-55F5-470D-8794-D1C37B35D77C}.Release|Any CPU.Build.0 = Release|Any CPU
		{76151618-55F5-470D-8794-D1C37B35D77C}.Release|ARM.ActiveCfg = Release|Any CPU
		{76151618-55F5-470D-8794-D1C37B35D77C}.Release|ARM.Build.0 = Release|Any CPU
		{76151618-55F5-470D-8794-D1C37B35D77C}.Release|x64.ActiveCfg = Release|Any CPU
		{76151618-55F5-470D-8794-D1C37B35D77C}.Release|x64.Build.0 = Release|Any CPU
		{76151618-55F5-470D-8794-D1C37B35D77C}.Release|x86.ActiveCfg = Release|Any CPU
		{76151618-55F5-470D-8794-D1C37B35D77C}.Release|x86.Build.0 = Release|Any CPU
		{27453DB1-DC56-437F-B36C-BAD92185BF24}.Debug|Any CPU.ActiveCfg = Debug|Any CPU
		{27453DB1-DC56-437F-B36C-BAD92185BF24}.Debug|Any CPU.Build.0 = Debug|Any CPU
		{27453DB1-DC56-437F-B36C-BAD92185BF24}.Debug|ARM.ActiveCfg = Debug|Any CPU
		{27453DB1-DC56-437F-B36C-BAD92185BF24}.Debug|ARM.Build.0 = Debug|Any CPU
		{27453DB1-DC56-437F-B36C-BAD92185BF24}.Debug|x64.ActiveCfg = Debug|Any CPU
		{27453DB1-DC56-437F-B36C-BAD92185BF24}.Debug|x64.Build.0 = Debug|Any CPU
		{27453DB1-DC56-437F-B36C-BAD92185BF24}.Debug|x86.ActiveCfg = Debug|Any CPU
		{27453DB1-DC56-437F-B36C-BAD92185BF24}.Debug|x86.Build.0 = Debug|Any CPU
		{27453DB1-DC56-437F-B36C-BAD92185BF24}.Release|Any CPU.ActiveCfg = Release|Any CPU
		{27453DB1-DC56-437F-B36C-BAD92185BF24}.Release|Any CPU.Build.0 = Release|Any CPU
		{27453DB1-DC56-437F-B36C-BAD92185BF24}.Release|ARM.ActiveCfg = Release|Any CPU
		{27453DB1-DC56-437F-B36C-BAD92185BF24}.Release|ARM.Build.0 = Release|Any CPU
		{27453DB1-DC56-437F-B36C-BAD92185BF24}.Release|x64.ActiveCfg = Release|Any CPU
		{27453DB1-DC56-437F-B36C-BAD92185BF24}.Release|x64.Build.0 = Release|Any CPU
		{27453DB1-DC56-437F-B36C-BAD92185BF24}.Release|x86.ActiveCfg = Release|Any CPU
		{27453DB1-DC56-437F-B36C-BAD92185BF24}.Release|x86.Build.0 = Release|Any CPU
		{74317882-9CA6-4DD5-B8FB-5AE02751F143}.Debug|Any CPU.ActiveCfg = Debug|Any CPU
		{74317882-9CA6-4DD5-B8FB-5AE02751F143}.Debug|Any CPU.Build.0 = Debug|Any CPU
		{74317882-9CA6-4DD5-B8FB-5AE02751F143}.Debug|ARM.ActiveCfg = Debug|Any CPU
		{74317882-9CA6-4DD5-B8FB-5AE02751F143}.Debug|ARM.Build.0 = Debug|Any CPU
		{74317882-9CA6-4DD5-B8FB-5AE02751F143}.Debug|x64.ActiveCfg = Debug|Any CPU
		{74317882-9CA6-4DD5-B8FB-5AE02751F143}.Debug|x64.Build.0 = Debug|Any CPU
		{74317882-9CA6-4DD5-B8FB-5AE02751F143}.Debug|x86.ActiveCfg = Debug|Any CPU
		{74317882-9CA6-4DD5-B8FB-5AE02751F143}.Debug|x86.Build.0 = Debug|Any CPU
		{74317882-9CA6-4DD5-B8FB-5AE02751F143}.Release|Any CPU.ActiveCfg = Release|Any CPU
		{74317882-9CA6-4DD5-B8FB-5AE02751F143}.Release|Any CPU.Build.0 = Release|Any CPU
		{74317882-9CA6-4DD5-B8FB-5AE02751F143}.Release|ARM.ActiveCfg = Release|Any CPU
		{74317882-9CA6-4DD5-B8FB-5AE02751F143}.Release|ARM.Build.0 = Release|Any CPU
		{74317882-9CA6-4DD5-B8FB-5AE02751F143}.Release|x64.ActiveCfg = Release|Any CPU
		{74317882-9CA6-4DD5-B8FB-5AE02751F143}.Release|x64.Build.0 = Release|Any CPU
		{74317882-9CA6-4DD5-B8FB-5AE02751F143}.Release|x86.ActiveCfg = Release|Any CPU
		{74317882-9CA6-4DD5-B8FB-5AE02751F143}.Release|x86.Build.0 = Release|Any CPU
	EndGlobalSection
	GlobalSection(SolutionProperties) = preSolution
		HideSolutionNode = FALSE
	EndGlobalSection
	GlobalSection(ExtensibilityGlobals) = postSolution
		SolutionGuid = {3D7856C9-4392-4B6F-8DB7-87A098132B3B}
	EndGlobalSection
EndGlobal
