
Microsoft Visual Studio Solution File, Format Version 12.00
# Visual Studio 15
VisualStudioVersion = 15.0.28010.2050
MinimumVisualStudioVersion = 10.0.40219.1
Project("{9A19103F-16F7-4668-BE54-9A1E7A4F7556}") = "01. Days of Week", "01. Days of Week\01. Days of Week.csproj", "{6CCF9EE8-8D54-40AB-925A-0B8AF1D86DBB}"
EndProject
Project("{9A19103F-16F7-4668-BE54-9A1E7A4F7556}") = "02. Reverse Array of Integers", "02. Reverse Array of Integers\02. Reverse Array of Integers.csproj", "{45C7BBB9-B3C0-4B9F-A810-22B0B7E25727}"
EndProject
Project("{9A19103F-16F7-4668-BE54-9A1E7A4F7556}") = "03. Last K Numbers Sums", "03. Last K Numbers Sums\03. Last K Numbers Sums.csproj", "{6C576D27-AC4A-4598-B917-E97572343BF0}"
EndProject
Project("{9A19103F-16F7-4668-BE54-9A1E7A4F7556}") = "04. Triple Sum", "04. Triple Sum\04. Triple Sum.csproj", "{57BA296E-0145-42BE-BCA0-059F521D6DDC}"
EndProject
Project("{FAE04EC0-301F-11D3-BF4B-00C04F79EFBC}") = "05. Rounding Numbers", "05. Rounding Numbers\05. Rounding Numbers.csproj", "{A2EED489-6364-43F1-80B2-6322F2E85A84}"
EndProject
Project("{FAE04EC0-301F-11D3-BF4B-00C04F79EFBC}") = "06. Reverse Array of Strings", "06. Reverse Array of Strings\06. Reverse Array of Strings.csproj", "{929230EA-E3B0-43C2-99B0-04195C66F67B}"
EndProject
Global
	GlobalSection(SolutionConfigurationPlatforms) = preSolution
		Debug|Any CPU = Debug|Any CPU
		Release|Any CPU = Release|Any CPU
	EndGlobalSection
	GlobalSection(ProjectConfigurationPlatforms) = postSolution
		{6CCF9EE8-8D54-40AB-925A-0B8AF1D86DBB}.Debug|Any CPU.ActiveCfg = Debug|Any CPU
		{6CCF9EE8-8D54-40AB-925A-0B8AF1D86DBB}.Debug|Any CPU.Build.0 = Debug|Any CPU
		{6CCF9EE8-8D54-40AB-925A-0B8AF1D86DBB}.Release|Any CPU.ActiveCfg = Release|Any CPU
		{6CCF9EE8-8D54-40AB-925A-0B8AF1D86DBB}.Release|Any CPU.Build.0 = Release|Any CPU
		{45C7BBB9-B3C0-4B9F-A810-22B0B7E25727}.Debug|Any CPU.ActiveCfg = Debug|Any CPU
		{45C7BBB9-B3C0-4B9F-A810-22B0B7E25727}.Debug|Any CPU.Build.0 = Debug|Any CPU
		{45C7BBB9-B3C0-4B9F-A810-22B0B7E25727}.Release|Any CPU.ActiveCfg = Release|Any CPU
		{45C7BBB9-B3C0-4B9F-A810-22B0B7E25727}.Release|Any CPU.Build.0 = Release|Any CPU
		{6C576D27-AC4A-4598-B917-E97572343BF0}.Debug|Any CPU.ActiveCfg = Debug|Any CPU
		{6C576D27-AC4A-4598-B917-E97572343BF0}.Debug|Any CPU.Build.0 = Debug|Any CPU
		{6C576D27-AC4A-4598-B917-E97572343BF0}.Release|Any CPU.ActiveCfg = Release|Any CPU
		{6C576D27-AC4A-4598-B917-E97572343BF0}.Release|Any CPU.Build.0 = Release|Any CPU
		{57BA296E-0145-42BE-BCA0-059F521D6DDC}.Debug|Any CPU.ActiveCfg = Debug|Any CPU
		{57BA296E-0145-42BE-BCA0-059F521D6DDC}.Debug|Any CPU.Build.0 = Debug|Any CPU
		{57BA296E-0145-42BE-BCA0-059F521D6DDC}.Release|Any CPU.ActiveCfg = Release|Any CPU
		{57BA296E-0145-42BE-BCA0-059F521D6DDC}.Release|Any CPU.Build.0 = Release|Any CPU
		{A2EED489-6364-43F1-80B2-6322F2E85A84}.Debug|Any CPU.ActiveCfg = Debug|Any CPU
		{A2EED489-6364-43F1-80B2-6322F2E85A84}.Debug|Any CPU.Build.0 = Debug|Any CPU
		{A2EED489-6364-43F1-80B2-6322F2E85A84}.Release|Any CPU.ActiveCfg = Release|Any CPU
		{A2EED489-6364-43F1-80B2-6322F2E85A84}.Release|Any CPU.Build.0 = Release|Any CPU
		{929230EA-E3B0-43C2-99B0-04195C66F67B}.Debug|Any CPU.ActiveCfg = Debug|Any CPU
		{929230EA-E3B0-43C2-99B0-04195C66F67B}.Debug|Any CPU.Build.0 = Debug|Any CPU
		{929230EA-E3B0-43C2-99B0-04195C66F67B}.Release|Any CPU.ActiveCfg = Release|Any CPU
		{929230EA-E3B0-43C2-99B0-04195C66F67B}.Release|Any CPU.Build.0 = Release|Any CPU
	EndGlobalSection
	GlobalSection(SolutionProperties) = preSolution
		HideSolutionNode = FALSE
	EndGlobalSection
	GlobalSection(ExtensibilityGlobals) = postSolution
		SolutionGuid = {DAF11498-1F0E-47CE-B4B1-7EBB58398C0F}
	EndGlobalSection
EndGlobal
