
Microsoft Visual Studio Solution File, Format Version 12.00
# Visual Studio Version 16
VisualStudioVersion = 16.0.29403.142
MinimumVisualStudioVersion = 10.0.40219.1
Project("{9A19103F-16F7-4668-BE54-9A1E7A4F7556}") = "01. Bank Account", "01. Bank Account\01. Bank Account.csproj", "{1C8A278E-EC06-4561-9762-EB285D766346}"
EndProject
Project("{FAE04EC0-301F-11D3-BF4B-00C04F79EFBC}") = "02. Bank Account Methods", "02. Bank Account Methods\02. Bank Account Methods.csproj", "{8E30E69C-20E6-4CF3-A029-BDD1C58E3B36}"
EndProject
Project("{FAE04EC0-301F-11D3-BF4B-00C04F79EFBC}") = "03. Test Client", "03. Test Client\03. Test Client.csproj", "{58E4DAAA-3922-4EB8-98E2-009338F55E7F}"
EndProject
Global
	GlobalSection(SolutionConfigurationPlatforms) = preSolution
		Debug|Any CPU = Debug|Any CPU
		Release|Any CPU = Release|Any CPU
	EndGlobalSection
	GlobalSection(ProjectConfigurationPlatforms) = postSolution
		{1C8A278E-EC06-4561-9762-EB285D766346}.Debug|Any CPU.ActiveCfg = Debug|Any CPU
		{1C8A278E-EC06-4561-9762-EB285D766346}.Debug|Any CPU.Build.0 = Debug|Any CPU
		{1C8A278E-EC06-4561-9762-EB285D766346}.Release|Any CPU.ActiveCfg = Release|Any CPU
		{1C8A278E-EC06-4561-9762-EB285D766346}.Release|Any CPU.Build.0 = Release|Any CPU
		{8E30E69C-20E6-4CF3-A029-BDD1C58E3B36}.Debug|Any CPU.ActiveCfg = Debug|Any CPU
		{8E30E69C-20E6-4CF3-A029-BDD1C58E3B36}.Debug|Any CPU.Build.0 = Debug|Any CPU
		{8E30E69C-20E6-4CF3-A029-BDD1C58E3B36}.Release|Any CPU.ActiveCfg = Release|Any CPU
		{8E30E69C-20E6-4CF3-A029-BDD1C58E3B36}.Release|Any CPU.Build.0 = Release|Any CPU
		{58E4DAAA-3922-4EB8-98E2-009338F55E7F}.Debug|Any CPU.ActiveCfg = Debug|Any CPU
		{58E4DAAA-3922-4EB8-98E2-009338F55E7F}.Debug|Any CPU.Build.0 = Debug|Any CPU
		{58E4DAAA-3922-4EB8-98E2-009338F55E7F}.Release|Any CPU.ActiveCfg = Release|Any CPU
		{58E4DAAA-3922-4EB8-98E2-009338F55E7F}.Release|Any CPU.Build.0 = Release|Any CPU
	EndGlobalSection
	GlobalSection(SolutionProperties) = preSolution
		HideSolutionNode = FALSE
	EndGlobalSection
	GlobalSection(ExtensibilityGlobals) = postSolution
		SolutionGuid = {6614A40B-5038-4018-B57C-BE110049443C}
	EndGlobalSection
EndGlobal
